// !$*UTF8*$!
{
	archiveVersion = 1;
	classes = {
	};
	objectVersion = 56;
	objects = {

/* Begin PBXBuildFile section */
		48EE501E83FB1001C988C72B /* Pods_WorldDex.framework in Frameworks */ = {isa = PBXBuildFile; fileRef = 4BC245294000090D47167693 /* Pods_WorldDex.framework */; };
		BB0313BB2AEC7DBA005D3715 /* WorldDexApp.swift in Sources */ = {isa = PBXBuildFile; fileRef = BB0313BA2AEC7DBA005D3715 /* WorldDexApp.swift */; };
		BB0313BD2AEC7DBA005D3715 /* ContentView.swift in Sources */ = {isa = PBXBuildFile; fileRef = BB0313BC2AEC7DBA005D3715 /* ContentView.swift */; };
		BB0313BF2AEC7DBC005D3715 /* Assets.xcassets in Resources */ = {isa = PBXBuildFile; fileRef = BB0313BE2AEC7DBC005D3715 /* Assets.xcassets */; };
		BB0313C22AEC7DBC005D3715 /* Preview Assets.xcassets in Resources */ = {isa = PBXBuildFile; fileRef = BB0313C12AEC7DBC005D3715 /* Preview Assets.xcassets */; };
		BB0313CE2AEC9AA7005D3715 /* CameraInterfaceView.swift in Sources */ = {isa = PBXBuildFile; fileRef = BB0313CD2AEC9AA7005D3715 /* CameraInterfaceView.swift */; };
		BB0313D02AEC9E34005D3715 /* Pokemon.swift in Sources */ = {isa = PBXBuildFile; fileRef = BB0313CF2AEC9E34005D3715 /* Pokemon.swift */; };
		BB0313D22AEC9ECE005D3715 /* Data.swift in Sources */ = {isa = PBXBuildFile; fileRef = BB0313D12AEC9ECE005D3715 /* Data.swift */; };
		BB0313D42AEC9EEC005D3715 /* PokedexView.swift in Sources */ = {isa = PBXBuildFile; fileRef = BB0313D32AEC9EEC005D3715 /* PokedexView.swift */; };
		BB0313D62AEC9F0D005D3715 /* PokemonDetailView.swift in Sources */ = {isa = PBXBuildFile; fileRef = BB0313D52AEC9F0D005D3715 /* PokemonDetailView.swift */; };
		BB0313D82AECA374005D3715 /* PokemonPostView.swift in Sources */ = {isa = PBXBuildFile; fileRef = BB0313D72AECA374005D3715 /* PokemonPostView.swift */; };
		BB0313DA2AECA393005D3715 /* SocialPageView.swift in Sources */ = {isa = PBXBuildFile; fileRef = BB0313D92AECA393005D3715 /* SocialPageView.swift */; };
		BB0313E42AECCED5005D3715 /* CameraActions.swift in Sources */ = {isa = PBXBuildFile; fileRef = BB0313E02AECCED5005D3715 /* CameraActions.swift */; };
		BB0313E52AECCED5005D3715 /* CameraView.swift in Sources */ = {isa = PBXBuildFile; fileRef = BB0313E12AECCED5005D3715 /* CameraView.swift */; };
		BB0313E62AECCED5005D3715 /* CameraViewControllerDelegate.swift in Sources */ = {isa = PBXBuildFile; fileRef = BB0313E22AECCED5005D3715 /* CameraViewControllerDelegate.swift */; };
		BB0313E72AECCED5005D3715 /* CameraViewController.swift in Sources */ = {isa = PBXBuildFile; fileRef = BB0313E32AECCED5005D3715 /* CameraViewController.swift */; };
		BB0313E92AECCEEC005D3715 /* UserEvents.swift in Sources */ = {isa = PBXBuildFile; fileRef = BB0313E82AECCEEC005D3715 /* UserEvents.swift */; };
		BB0313EB2AECDB33005D3715 /* MicProgressBar.swift in Sources */ = {isa = PBXBuildFile; fileRef = BB0313EA2AECDB33005D3715 /* MicProgressBar.swift */; };
		BB0313F52AECF6DF005D3715 /* SwiftyGif in Frameworks */ = {isa = PBXBuildFile; productRef = BB0313F42AECF6DF005D3715 /* SwiftyGif */; };
		BB0313F72AECF6FB005D3715 /* diceroll.gif in Resources */ = {isa = PBXBuildFile; fileRef = BB0313F62AECF6FB005D3715 /* diceroll.gif */; };
		BB0313F92AECFA82005D3715 /* SuccessView.swift in Sources */ = {isa = PBXBuildFile; fileRef = BB0313F82AECFA82005D3715 /* SuccessView.swift */; };
		BB0313FD2AED0BCF005D3715 /* FailView.swift in Sources */ = {isa = PBXBuildFile; fileRef = BB0313FC2AED0BCF005D3715 /* FailView.swift */; };
		BB0313FF2AED0BF7005D3715 /* UITextViewWrapper.swift in Sources */ = {isa = PBXBuildFile; fileRef = BB0313FE2AED0BF7005D3715 /* UITextViewWrapper.swift */; };
		BB15A5AB2AEDBB35009182AC /* CameraData.swift in Sources */ = {isa = PBXBuildFile; fileRef = BB15A5AA2AEDBB35009182AC /* CameraData.swift */; };
		BB15A5AF2AEDF36F009182AC /* Launch Screen.storyboard in Resources */ = {isa = PBXBuildFile; fileRef = BB15A5AE2AEDF36F009182AC /* Launch Screen.storyboard */; };
		BB9097782AEE2CF400817C37 /* ProfileView.swift in Sources */ = {isa = PBXBuildFile; fileRef = BB9097772AEE2CF400817C37 /* ProfileView.swift */; };
		BB90977A2AEE2E1D00817C37 /* SignUpView.swift in Sources */ = {isa = PBXBuildFile; fileRef = BB9097792AEE2E1D00817C37 /* SignUpView.swift */; };
		BB90977C2AEE2E3200817C37 /* LogInView.swift in Sources */ = {isa = PBXBuildFile; fileRef = BB90977B2AEE2E3200817C37 /* LogInView.swift */; };
		BB90977E2AEE2E4E00817C37 /* UserDataView.swift in Sources */ = {isa = PBXBuildFile; fileRef = BB90977D2AEE2E4E00817C37 /* UserDataView.swift */; };
		BB9097802AEE5AD500817C37 /* loading.gif in Resources */ = {isa = PBXBuildFile; fileRef = BB90977F2AEE5AD500817C37 /* loading.gif */; };
/* End PBXBuildFile section */

/* Begin PBXFileReference section */
		21B1D0D2F612648857C68EC0 /* Pods-WorldDex.release.xcconfig */ = {isa = PBXFileReference; includeInIndex = 1; lastKnownFileType = text.xcconfig; name = "Pods-WorldDex.release.xcconfig"; path = "Target Support Files/Pods-WorldDex/Pods-WorldDex.release.xcconfig"; sourceTree = "<group>"; };
		4BC245294000090D47167693 /* Pods_WorldDex.framework */ = {isa = PBXFileReference; explicitFileType = wrapper.framework; includeInIndex = 0; path = Pods_WorldDex.framework; sourceTree = BUILT_PRODUCTS_DIR; };
		BB0313B72AEC7DBA005D3715 /* WorldDex.app */ = {isa = PBXFileReference; explicitFileType = wrapper.application; includeInIndex = 0; path = WorldDex.app; sourceTree = BUILT_PRODUCTS_DIR; };
		BB0313BA2AEC7DBA005D3715 /* WorldDexApp.swift */ = {isa = PBXFileReference; lastKnownFileType = sourcecode.swift; path = WorldDexApp.swift; sourceTree = "<group>"; };
		BB0313BC2AEC7DBA005D3715 /* ContentView.swift */ = {isa = PBXFileReference; lastKnownFileType = sourcecode.swift; path = ContentView.swift; sourceTree = "<group>"; };
		BB0313BE2AEC7DBC005D3715 /* Assets.xcassets */ = {isa = PBXFileReference; lastKnownFileType = folder.assetcatalog; path = Assets.xcassets; sourceTree = "<group>"; };
		BB0313C12AEC7DBC005D3715 /* Preview Assets.xcassets */ = {isa = PBXFileReference; lastKnownFileType = folder.assetcatalog; path = "Preview Assets.xcassets"; sourceTree = "<group>"; };
		BB0313CD2AEC9AA7005D3715 /* CameraInterfaceView.swift */ = {isa = PBXFileReference; lastKnownFileType = sourcecode.swift; path = CameraInterfaceView.swift; sourceTree = "<group>"; };
		BB0313CF2AEC9E34005D3715 /* Pokemon.swift */ = {isa = PBXFileReference; lastKnownFileType = sourcecode.swift; path = Pokemon.swift; sourceTree = "<group>"; };
		BB0313D12AEC9ECE005D3715 /* Data.swift */ = {isa = PBXFileReference; lastKnownFileType = sourcecode.swift; path = Data.swift; sourceTree = "<group>"; };
		BB0313D32AEC9EEC005D3715 /* PokedexView.swift */ = {isa = PBXFileReference; lastKnownFileType = sourcecode.swift; path = PokedexView.swift; sourceTree = "<group>"; };
		BB0313D52AEC9F0D005D3715 /* PokemonDetailView.swift */ = {isa = PBXFileReference; lastKnownFileType = sourcecode.swift; path = PokemonDetailView.swift; sourceTree = "<group>"; };
		BB0313D72AECA374005D3715 /* PokemonPostView.swift */ = {isa = PBXFileReference; lastKnownFileType = sourcecode.swift; path = PokemonPostView.swift; sourceTree = "<group>"; };
		BB0313D92AECA393005D3715 /* SocialPageView.swift */ = {isa = PBXFileReference; lastKnownFileType = sourcecode.swift; path = SocialPageView.swift; sourceTree = "<group>"; };
		BB0313DF2AECC8FB005D3715 /* Info.plist */ = {isa = PBXFileReference; lastKnownFileType = text.plist; path = Info.plist; sourceTree = "<group>"; };
		BB0313E02AECCED5005D3715 /* CameraActions.swift */ = {isa = PBXFileReference; fileEncoding = 4; lastKnownFileType = sourcecode.swift; path = CameraActions.swift; sourceTree = "<group>"; };
		BB0313E12AECCED5005D3715 /* CameraView.swift */ = {isa = PBXFileReference; fileEncoding = 4; lastKnownFileType = sourcecode.swift; path = CameraView.swift; sourceTree = "<group>"; };
		BB0313E22AECCED5005D3715 /* CameraViewControllerDelegate.swift */ = {isa = PBXFileReference; fileEncoding = 4; lastKnownFileType = sourcecode.swift; path = CameraViewControllerDelegate.swift; sourceTree = "<group>"; };
		BB0313E32AECCED5005D3715 /* CameraViewController.swift */ = {isa = PBXFileReference; fileEncoding = 4; lastKnownFileType = sourcecode.swift; path = CameraViewController.swift; sourceTree = "<group>"; };
		BB0313E82AECCEEC005D3715 /* UserEvents.swift */ = {isa = PBXFileReference; fileEncoding = 4; lastKnownFileType = sourcecode.swift; path = UserEvents.swift; sourceTree = "<group>"; };
		BB0313EA2AECDB33005D3715 /* MicProgressBar.swift */ = {isa = PBXFileReference; lastKnownFileType = sourcecode.swift; path = MicProgressBar.swift; sourceTree = "<group>"; };
		BB0313F62AECF6FB005D3715 /* diceroll.gif */ = {isa = PBXFileReference; lastKnownFileType = image.gif; path = diceroll.gif; sourceTree = "<group>"; };
		BB0313F82AECFA82005D3715 /* SuccessView.swift */ = {isa = PBXFileReference; lastKnownFileType = sourcecode.swift; path = SuccessView.swift; sourceTree = "<group>"; };
		BB0313FC2AED0BCF005D3715 /* FailView.swift */ = {isa = PBXFileReference; lastKnownFileType = sourcecode.swift; name = FailView.swift; path = "/Users/anthonyqin/Desktop/Calhacks 2023/WorldDex/WorldDex App/WorldDex/FailView.swift"; sourceTree = "<absolute>"; };
		BB0313FE2AED0BF7005D3715 /* UITextViewWrapper.swift */ = {isa = PBXFileReference; lastKnownFileType = sourcecode.swift; path = UITextViewWrapper.swift; sourceTree = "<group>"; };
		BB15A5AA2AEDBB35009182AC /* CameraData.swift */ = {isa = PBXFileReference; lastKnownFileType = sourcecode.swift; path = CameraData.swift; sourceTree = "<group>"; };
		BB15A5AE2AEDF36F009182AC /* Launch Screen.storyboard */ = {isa = PBXFileReference; lastKnownFileType = file.storyboard; path = "Launch Screen.storyboard"; sourceTree = "<group>"; };
		BB9097772AEE2CF400817C37 /* ProfileView.swift */ = {isa = PBXFileReference; lastKnownFileType = sourcecode.swift; path = ProfileView.swift; sourceTree = "<group>"; };
		BB9097792AEE2E1D00817C37 /* SignUpView.swift */ = {isa = PBXFileReference; lastKnownFileType = sourcecode.swift; path = SignUpView.swift; sourceTree = "<group>"; };
		BB90977B2AEE2E3200817C37 /* LogInView.swift */ = {isa = PBXFileReference; lastKnownFileType = sourcecode.swift; path = LogInView.swift; sourceTree = "<group>"; };
		BB90977D2AEE2E4E00817C37 /* UserDataView.swift */ = {isa = PBXFileReference; lastKnownFileType = sourcecode.swift; path = UserDataView.swift; sourceTree = "<group>"; };
		BB90977F2AEE5AD500817C37 /* loading.gif */ = {isa = PBXFileReference; lastKnownFileType = image.gif; path = loading.gif; sourceTree = "<group>"; };
		BE30E6C447A9CBE6FB932940 /* Pods-WorldDex.debug.xcconfig */ = {isa = PBXFileReference; includeInIndex = 1; lastKnownFileType = text.xcconfig; name = "Pods-WorldDex.debug.xcconfig"; path = "Target Support Files/Pods-WorldDex/Pods-WorldDex.debug.xcconfig"; sourceTree = "<group>"; };
/* End PBXFileReference section */

/* Begin PBXFrameworksBuildPhase section */
		BB0313B42AEC7DBA005D3715 /* Frameworks */ = {
			isa = PBXFrameworksBuildPhase;
			buildActionMask = 2147483647;
			files = (
				48EE501E83FB1001C988C72B /* Pods_WorldDex.framework in Frameworks */,
				BB0313F52AECF6DF005D3715 /* SwiftyGif in Frameworks */,
			);
			runOnlyForDeploymentPostprocessing = 0;
		};
/* End PBXFrameworksBuildPhase section */

/* Begin PBXGroup section */
		412E7FEA7E380F7211385E52 /* Pods */ = {
			isa = PBXGroup;
			children = (
				BE30E6C447A9CBE6FB932940 /* Pods-WorldDex.debug.xcconfig */,
				21B1D0D2F612648857C68EC0 /* Pods-WorldDex.release.xcconfig */,
			);
			path = Pods;
			sourceTree = "<group>";
		};
		BB0313AE2AEC7DBA005D3715 = {
			isa = PBXGroup;
			children = (
				BB0313B92AEC7DBA005D3715 /* WorldDex */,
				BB0313B82AEC7DBA005D3715 /* Products */,
				412E7FEA7E380F7211385E52 /* Pods */,
				F5AB9B62EC7E0FF807E7E1E7 /* Frameworks */,
			);
			sourceTree = "<group>";
		};
		BB0313B82AEC7DBA005D3715 /* Products */ = {
			isa = PBXGroup;
			children = (
				BB0313B72AEC7DBA005D3715 /* WorldDex.app */,
			);
			name = Products;
			sourceTree = "<group>";
		};
		BB0313B92AEC7DBA005D3715 /* WorldDex */ = {
			isa = PBXGroup;
			children = (
				BB15A5AE2AEDF36F009182AC /* Launch Screen.storyboard */,
				BB0313DF2AECC8FB005D3715 /* Info.plist */,
				BB0313F82AECFA82005D3715 /* SuccessView.swift */,
				BB0313FE2AED0BF7005D3715 /* UITextViewWrapper.swift */,
				BB0313FC2AED0BCF005D3715 /* FailView.swift */,
				BB0313E82AECCEEC005D3715 /* UserEvents.swift */,
				BB0313E02AECCED5005D3715 /* CameraActions.swift */,
				BB0313E12AECCED5005D3715 /* CameraView.swift */,
				BB0313E32AECCED5005D3715 /* CameraViewController.swift */,
				BB0313E22AECCED5005D3715 /* CameraViewControllerDelegate.swift */,
				BB0313BA2AEC7DBA005D3715 /* WorldDexApp.swift */,
				BB0313BC2AEC7DBA005D3715 /* ContentView.swift */,
				BB9097772AEE2CF400817C37 /* ProfileView.swift */,
				BB90977B2AEE2E3200817C37 /* LogInView.swift */,
				BB90977D2AEE2E4E00817C37 /* UserDataView.swift */,
				BB9097792AEE2E1D00817C37 /* SignUpView.swift */,
				BB0313EA2AECDB33005D3715 /* MicProgressBar.swift */,
				BB0313CF2AEC9E34005D3715 /* Pokemon.swift */,
				BB15A5AA2AEDBB35009182AC /* CameraData.swift */,
				BB0313D72AECA374005D3715 /* PokemonPostView.swift */,
				BB0313D92AECA393005D3715 /* SocialPageView.swift */,
				BB0313D32AEC9EEC005D3715 /* PokedexView.swift */,
				BB0313D52AEC9F0D005D3715 /* PokemonDetailView.swift */,
				BB0313D12AEC9ECE005D3715 /* Data.swift */,
				BB0313CD2AEC9AA7005D3715 /* CameraInterfaceView.swift */,
				BB90977F2AEE5AD500817C37 /* loading.gif */,
				BB0313F62AECF6FB005D3715 /* diceroll.gif */,
				BB0313BE2AEC7DBC005D3715 /* Assets.xcassets */,
				BB0313C02AEC7DBC005D3715 /* Preview Content */,
			);
			path = WorldDex;
			sourceTree = "<group>";
		};
		BB0313C02AEC7DBC005D3715 /* Preview Content */ = {
			isa = PBXGroup;
			children = (
				BB0313C12AEC7DBC005D3715 /* Preview Assets.xcassets */,
			);
			path = "Preview Content";
			sourceTree = "<group>";
		};
		F5AB9B62EC7E0FF807E7E1E7 /* Frameworks */ = {
			isa = PBXGroup;
			children = (
				4BC245294000090D47167693 /* Pods_WorldDex.framework */,
			);
			name = Frameworks;
			sourceTree = "<group>";
		};
/* End PBXGroup section */

/* Begin PBXNativeTarget section */
		BB0313B62AEC7DBA005D3715 /* WorldDex */ = {
			isa = PBXNativeTarget;
			buildConfigurationList = BB0313C52AEC7DBC005D3715 /* Build configuration list for PBXNativeTarget "WorldDex" */;
			buildPhases = (
				E6CD95CD7435DE829B647F49 /* [CP] Check Pods Manifest.lock */,
				BB0313B32AEC7DBA005D3715 /* Sources */,
				BB0313B42AEC7DBA005D3715 /* Frameworks */,
				BB0313B52AEC7DBA005D3715 /* Resources */,
			);
			buildRules = (
			);
			dependencies = (
			);
			name = WorldDex;
			packageProductDependencies = (
				BB0313F42AECF6DF005D3715 /* SwiftyGif */,
			);
			productName = WorldDex;
			productReference = BB0313B72AEC7DBA005D3715 /* WorldDex.app */;
			productType = "com.apple.product-type.application";
		};
/* End PBXNativeTarget section */

/* Begin PBXProject section */
		BB0313AF2AEC7DBA005D3715 /* Project object */ = {
			isa = PBXProject;
			attributes = {
				BuildIndependentTargetsInParallel = 1;
				LastSwiftUpdateCheck = 1500;
				LastUpgradeCheck = 1500;
				TargetAttributes = {
					BB0313B62AEC7DBA005D3715 = {
						CreatedOnToolsVersion = 15.0.1;
					};
				};
			};
			buildConfigurationList = BB0313B22AEC7DBA005D3715 /* Build configuration list for PBXProject "WorldDex" */;
			compatibilityVersion = "Xcode 14.0";
			developmentRegion = en;
			hasScannedForEncodings = 0;
			knownRegions = (
				en,
				Base,
			);
			mainGroup = BB0313AE2AEC7DBA005D3715;
			packageReferences = (
				BB0313F32AECF6DF005D3715 /* XCRemoteSwiftPackageReference "SwiftyGif" */,
			);
			productRefGroup = BB0313B82AEC7DBA005D3715 /* Products */;
			projectDirPath = "";
			projectRoot = "";
			targets = (
				BB0313B62AEC7DBA005D3715 /* WorldDex */,
			);
		};
/* End PBXProject section */

/* Begin PBXResourcesBuildPhase section */
		BB0313B52AEC7DBA005D3715 /* Resources */ = {
			isa = PBXResourcesBuildPhase;
			buildActionMask = 2147483647;
			files = (
				BB0313F72AECF6FB005D3715 /* diceroll.gif in Resources */,
				BB0313C22AEC7DBC005D3715 /* Preview Assets.xcassets in Resources */,
				BB9097802AEE5AD500817C37 /* loading.gif in Resources */,
				BB15A5AF2AEDF36F009182AC /* Launch Screen.storyboard in Resources */,
				BB0313BF2AEC7DBC005D3715 /* Assets.xcassets in Resources */,
			);
			runOnlyForDeploymentPostprocessing = 0;
		};
/* End PBXResourcesBuildPhase section */

/* Begin PBXShellScriptBuildPhase section */
		E6CD95CD7435DE829B647F49 /* [CP] Check Pods Manifest.lock */ = {
			isa = PBXShellScriptBuildPhase;
			buildActionMask = 2147483647;
			files = (
			);
			inputFileListPaths = (
			);
			inputPaths = (
				"${PODS_PODFILE_DIR_PATH}/Podfile.lock",
				"${PODS_ROOT}/Manifest.lock",
			);
			name = "[CP] Check Pods Manifest.lock";
			outputFileListPaths = (
			);
			outputPaths = (
				"$(DERIVED_FILE_DIR)/Pods-WorldDex-checkManifestLockResult.txt",
			);
			runOnlyForDeploymentPostprocessing = 0;
			shellPath = /bin/sh;
			shellScript = "diff \"${PODS_PODFILE_DIR_PATH}/Podfile.lock\" \"${PODS_ROOT}/Manifest.lock\" > /dev/null\nif [ $? != 0 ] ; then\n    # print error to STDERR\n    echo \"error: The sandbox is not in sync with the Podfile.lock. Run 'pod install' or update your CocoaPods installation.\" >&2\n    exit 1\nfi\n# This output is used by Xcode 'outputs' to avoid re-running this script phase.\necho \"SUCCESS\" > \"${SCRIPT_OUTPUT_FILE_0}\"\n";
			showEnvVarsInLog = 0;
		};
/* End PBXShellScriptBuildPhase section */

/* Begin PBXSourcesBuildPhase section */
		BB0313B32AEC7DBA005D3715 /* Sources */ = {
			isa = PBXSourcesBuildPhase;
			buildActionMask = 2147483647;
			files = (
				BB0313F92AECFA82005D3715 /* SuccessView.swift in Sources */,
				BB0313CE2AEC9AA7005D3715 /* CameraInterfaceView.swift in Sources */,
				BB0313D22AEC9ECE005D3715 /* Data.swift in Sources */,
				BB0313EB2AECDB33005D3715 /* MicProgressBar.swift in Sources */,
				BB0313DA2AECA393005D3715 /* SocialPageView.swift in Sources */,
				BB0313D82AECA374005D3715 /* PokemonPostView.swift in Sources */,
				BB0313E72AECCED5005D3715 /* CameraViewController.swift in Sources */,
				BB15A5AB2AEDBB35009182AC /* CameraData.swift in Sources */,
				BB90977C2AEE2E3200817C37 /* LogInView.swift in Sources */,
				BB0313D02AEC9E34005D3715 /* Pokemon.swift in Sources */,
				BB0313D42AEC9EEC005D3715 /* PokedexView.swift in Sources */,
				BB90977E2AEE2E4E00817C37 /* UserDataView.swift in Sources */,
				BB90977A2AEE2E1D00817C37 /* SignUpView.swift in Sources */,
				BB0313E42AECCED5005D3715 /* CameraActions.swift in Sources */,
				BB0313E52AECCED5005D3715 /* CameraView.swift in Sources */,
				BB9097782AEE2CF400817C37 /* ProfileView.swift in Sources */,
				BB0313E92AECCEEC005D3715 /* UserEvents.swift in Sources */,
				BB0313E62AECCED5005D3715 /* CameraViewControllerDelegate.swift in Sources */,
				BB0313BD2AEC7DBA005D3715 /* ContentView.swift in Sources */,
				BB0313D62AEC9F0D005D3715 /* PokemonDetailView.swift in Sources */,
				BB0313FD2AED0BCF005D3715 /* FailView.swift in Sources */,
				BB0313BB2AEC7DBA005D3715 /* WorldDexApp.swift in Sources */,
				BB0313FF2AED0BF7005D3715 /* UITextViewWrapper.swift in Sources */,
			);
			runOnlyForDeploymentPostprocessing = 0;
		};
/* End PBXSourcesBuildPhase section */

/* Begin XCBuildConfiguration section */
		BB0313C32AEC7DBC005D3715 /* Debug */ = {
			isa = XCBuildConfiguration;
			buildSettings = {
				ALWAYS_SEARCH_USER_PATHS = NO;
				ASSETCATALOG_COMPILER_GENERATE_SWIFT_ASSET_SYMBOL_EXTENSIONS = YES;
				CLANG_ANALYZER_NONNULL = YES;
				CLANG_ANALYZER_NUMBER_OBJECT_CONVERSION = YES_AGGRESSIVE;
				CLANG_CXX_LANGUAGE_STANDARD = "gnu++20";
				CLANG_ENABLE_MODULES = YES;
				CLANG_ENABLE_OBJC_ARC = YES;
				CLANG_ENABLE_OBJC_WEAK = YES;
				CLANG_WARN_BLOCK_CAPTURE_AUTORELEASING = YES;
				CLANG_WARN_BOOL_CONVERSION = YES;
				CLANG_WARN_COMMA = YES;
				CLANG_WARN_CONSTANT_CONVERSION = YES;
				CLANG_WARN_DEPRECATED_OBJC_IMPLEMENTATIONS = YES;
				CLANG_WARN_DIRECT_OBJC_ISA_USAGE = YES_ERROR;
				CLANG_WARN_DOCUMENTATION_COMMENTS = YES;
				CLANG_WARN_EMPTY_BODY = YES;
				CLANG_WARN_ENUM_CONVERSION = YES;
				CLANG_WARN_INFINITE_RECURSION = YES;
				CLANG_WARN_INT_CONVERSION = YES;
				CLANG_WARN_NON_LITERAL_NULL_CONVERSION = YES;
				CLANG_WARN_OBJC_IMPLICIT_RETAIN_SELF = YES;
				CLANG_WARN_OBJC_LITERAL_CONVERSION = YES;
				CLANG_WARN_OBJC_ROOT_CLASS = YES_ERROR;
				CLANG_WARN_QUOTED_INCLUDE_IN_FRAMEWORK_HEADER = YES;
				CLANG_WARN_RANGE_LOOP_ANALYSIS = YES;
				CLANG_WARN_STRICT_PROTOTYPES = YES;
				CLANG_WARN_SUSPICIOUS_MOVE = YES;
				CLANG_WARN_UNGUARDED_AVAILABILITY = YES_AGGRESSIVE;
				CLANG_WARN_UNREACHABLE_CODE = YES;
				CLANG_WARN__DUPLICATE_METHOD_MATCH = YES;
				COPY_PHASE_STRIP = NO;
				DEBUG_INFORMATION_FORMAT = dwarf;
				ENABLE_STRICT_OBJC_MSGSEND = YES;
				ENABLE_TESTABILITY = YES;
				ENABLE_USER_SCRIPT_SANDBOXING = YES;
				GCC_C_LANGUAGE_STANDARD = gnu17;
				GCC_DYNAMIC_NO_PIC = NO;
				GCC_NO_COMMON_BLOCKS = YES;
				GCC_OPTIMIZATION_LEVEL = 0;
				GCC_PREPROCESSOR_DEFINITIONS = (
					"DEBUG=1",
					"$(inherited)",
				);
				GCC_WARN_64_TO_32_BIT_CONVERSION = YES;
				GCC_WARN_ABOUT_RETURN_TYPE = YES_ERROR;
				GCC_WARN_UNDECLARED_SELECTOR = YES;
				GCC_WARN_UNINITIALIZED_AUTOS = YES_AGGRESSIVE;
				GCC_WARN_UNUSED_FUNCTION = YES;
				GCC_WARN_UNUSED_VARIABLE = YES;
				INFOPLIST_KEY_UILaunchScreen_Generation = NO;
				IPHONEOS_DEPLOYMENT_TARGET = 17.0;
				LOCALIZATION_PREFERS_STRING_CATALOGS = YES;
				MTL_ENABLE_DEBUG_INFO = INCLUDE_SOURCE;
				MTL_FAST_MATH = YES;
				ONLY_ACTIVE_ARCH = YES;
				SDKROOT = iphoneos;
				SWIFT_ACTIVE_COMPILATION_CONDITIONS = "DEBUG $(inherited)";
				SWIFT_OPTIMIZATION_LEVEL = "-Onone";
			};
			name = Debug;
		};
		BB0313C42AEC7DBC005D3715 /* Release */ = {
			isa = XCBuildConfiguration;
			buildSettings = {
				ALWAYS_SEARCH_USER_PATHS = NO;
				ASSETCATALOG_COMPILER_GENERATE_SWIFT_ASSET_SYMBOL_EXTENSIONS = YES;
				CLANG_ANALYZER_NONNULL = YES;
				CLANG_ANALYZER_NUMBER_OBJECT_CONVERSION = YES_AGGRESSIVE;
				CLANG_CXX_LANGUAGE_STANDARD = "gnu++20";
				CLANG_ENABLE_MODULES = YES;
				CLANG_ENABLE_OBJC_ARC = YES;
				CLANG_ENABLE_OBJC_WEAK = YES;
				CLANG_WARN_BLOCK_CAPTURE_AUTORELEASING = YES;
				CLANG_WARN_BOOL_CONVERSION = YES;
				CLANG_WARN_COMMA = YES;
				CLANG_WARN_CONSTANT_CONVERSION = YES;
				CLANG_WARN_DEPRECATED_OBJC_IMPLEMENTATIONS = YES;
				CLANG_WARN_DIRECT_OBJC_ISA_USAGE = YES_ERROR;
				CLANG_WARN_DOCUMENTATION_COMMENTS = YES;
				CLANG_WARN_EMPTY_BODY = YES;
				CLANG_WARN_ENUM_CONVERSION = YES;
				CLANG_WARN_INFINITE_RECURSION = YES;
				CLANG_WARN_INT_CONVERSION = YES;
				CLANG_WARN_NON_LITERAL_NULL_CONVERSION = YES;
				CLANG_WARN_OBJC_IMPLICIT_RETAIN_SELF = YES;
				CLANG_WARN_OBJC_LITERAL_CONVERSION = YES;
				CLANG_WARN_OBJC_ROOT_CLASS = YES_ERROR;
				CLANG_WARN_QUOTED_INCLUDE_IN_FRAMEWORK_HEADER = YES;
				CLANG_WARN_RANGE_LOOP_ANALYSIS = YES;
				CLANG_WARN_STRICT_PROTOTYPES = YES;
				CLANG_WARN_SUSPICIOUS_MOVE = YES;
				CLANG_WARN_UNGUARDED_AVAILABILITY = YES_AGGRESSIVE;
				CLANG_WARN_UNREACHABLE_CODE = YES;
				CLANG_WARN__DUPLICATE_METHOD_MATCH = YES;
				COPY_PHASE_STRIP = NO;
				DEBUG_INFORMATION_FORMAT = "dwarf-with-dsym";
				ENABLE_NS_ASSERTIONS = NO;
				ENABLE_STRICT_OBJC_MSGSEND = YES;
				ENABLE_USER_SCRIPT_SANDBOXING = YES;
				GCC_C_LANGUAGE_STANDARD = gnu17;
				GCC_NO_COMMON_BLOCKS = YES;
				GCC_WARN_64_TO_32_BIT_CONVERSION = YES;
				GCC_WARN_ABOUT_RETURN_TYPE = YES_ERROR;
				GCC_WARN_UNDECLARED_SELECTOR = YES;
				GCC_WARN_UNINITIALIZED_AUTOS = YES_AGGRESSIVE;
				GCC_WARN_UNUSED_FUNCTION = YES;
				GCC_WARN_UNUSED_VARIABLE = YES;
				INFOPLIST_KEY_UILaunchScreen_Generation = NO;
				IPHONEOS_DEPLOYMENT_TARGET = 17.0;
				LOCALIZATION_PREFERS_STRING_CATALOGS = YES;
				MTL_ENABLE_DEBUG_INFO = NO;
				MTL_FAST_MATH = YES;
				SDKROOT = iphoneos;
				SWIFT_COMPILATION_MODE = wholemodule;
				VALIDATE_PRODUCT = YES;
			};
			name = Release;
		};
		BB0313C62AEC7DBC005D3715 /* Debug */ = {
			isa = XCBuildConfiguration;
			baseConfigurationReference = BE30E6C447A9CBE6FB932940 /* Pods-WorldDex.debug.xcconfig */;
			buildSettings = {
				ASSETCATALOG_COMPILER_APPICON_NAME = AppIcon;
				ASSETCATALOG_COMPILER_GLOBAL_ACCENT_COLOR_NAME = AccentColor;
				CODE_SIGN_STYLE = Automatic;
				CURRENT_PROJECT_VERSION = 1;
				DEVELOPMENT_ASSET_PATHS = "\"WorldDex/Preview Content\"";
				DEVELOPMENT_TEAM = 69G7HE4MM9;
				ENABLE_PREVIEWS = YES;
				GENERATE_INFOPLIST_FILE = YES;
				INFOPLIST_FILE = WorldDex/Info.plist;
				INFOPLIST_KEY_LSApplicationCategoryType = "";
				INFOPLIST_KEY_NSCameraUsageDescription = Camera;
				INFOPLIST_KEY_NSLocationWhenInUseUsageDescription = "This app uses your location to share where you captured an item.";
				INFOPLIST_KEY_NSMicrophoneUsageDescription = "Audiovisual Recording";
				INFOPLIST_KEY_NSPhotoLibraryAddUsageDescription = "Export AR Media";
				INFOPLIST_KEY_NSPhotoLibraryUsageDescription = "Export AR Media";
				INFOPLIST_KEY_NSSpeechRecognitionUsageDescription = "This app uses speech recognition to enable voice commands and text-to-speech functionality.";
				INFOPLIST_KEY_UIApplicationSceneManifest_Generation = YES;
				INFOPLIST_KEY_UIApplicationSupportsIndirectInputEvents = YES;
				INFOPLIST_KEY_UILaunchStoryboardName = "Launch Screen.storyboard";
				INFOPLIST_KEY_UIRequiredDeviceCapabilities = armv7;
				INFOPLIST_KEY_UISupportedInterfaceOrientations = UIInterfaceOrientationPortrait;
				INFOPLIST_KEY_UISupportedInterfaceOrientations_iPad = "UIInterfaceOrientationPortrait UIInterfaceOrientationPortraitUpsideDown";
				INFOPLIST_KEY_UISupportedInterfaceOrientations_iPhone = "UIInterfaceOrientationPortrait UIInterfaceOrientationLandscapeLeft UIInterfaceOrientationLandscapeRight";
				IPHONEOS_DEPLOYMENT_TARGET = 16.0;
				LD_RUNPATH_SEARCH_PATHS = (
					"$(inherited)",
					"@executable_path/Frameworks",
				);
				MARKETING_VERSION = 1.0;
				PRODUCT_BUNDLE_IDENTIFIER = AnthonyQin.WorldDex;
				PRODUCT_NAME = "$(TARGET_NAME)";
				SWIFT_EMIT_LOC_STRINGS = YES;
				SWIFT_VERSION = 5.0;
				TARGETED_DEVICE_FAMILY = "1,2";
			};
			name = Debug;
		};
		BB0313C72AEC7DBC005D3715 /* Release */ = {
			isa = XCBuildConfiguration;
			baseConfigurationReference = 21B1D0D2F612648857C68EC0 /* Pods-WorldDex.release.xcconfig */;
			buildSettings = {
				ASSETCATALOG_COMPILER_APPICON_NAME = AppIcon;
				ASSETCATALOG_COMPILER_GLOBAL_ACCENT_COLOR_NAME = AccentColor;
				CODE_SIGN_STYLE = Automatic;
				CURRENT_PROJECT_VERSION = 1;
				DEVELOPMENT_ASSET_PATHS = "\"WorldDex/Preview Content\"";
				DEVELOPMENT_TEAM = 69G7HE4MM9;
				ENABLE_PREVIEWS = YES;
				GENERATE_INFOPLIST_FILE = YES;
				INFOPLIST_FILE = WorldDex/Info.plist;
				INFOPLIST_KEY_LSApplicationCategoryType = "";
				INFOPLIST_KEY_NSCameraUsageDescription = Camera;
				INFOPLIST_KEY_NSLocationWhenInUseUsageDescription = "This app uses your location to share where you captured an item.";
				INFOPLIST_KEY_NSMicrophoneUsageDescription = "Audiovisual Recording";
				INFOPLIST_KEY_NSPhotoLibraryAddUsageDescription = "Export AR Media";
				INFOPLIST_KEY_NSPhotoLibraryUsageDescription = "Export AR Media";
				INFOPLIST_KEY_NSSpeechRecognitionUsageDescription = "This app uses speech recognition to enable voice commands and text-to-speech functionality.";
				INFOPLIST_KEY_UIApplicationSceneManifest_Generation = YES;
				INFOPLIST_KEY_UIApplicationSupportsIndirectInputEvents = YES;
				INFOPLIST_KEY_UILaunchStoryboardName = "Launch Screen.storyboard";
				INFOPLIST_KEY_UIRequiredDeviceCapabilities = armv7;
				INFOPLIST_KEY_UISupportedInterfaceOrientations = UIInterfaceOrientationPortrait;
				INFOPLIST_KEY_UISupportedInterfaceOrientations_iPad = "UIInterfaceOrientationPortrait UIInterfaceOrientationPortraitUpsideDown";
				INFOPLIST_KEY_UISupportedInterfaceOrientations_iPhone = "UIInterfaceOrientationPortrait UIInterfaceOrientationLandscapeLeft UIInterfaceOrientationLandscapeRight";
				IPHONEOS_DEPLOYMENT_TARGET = 16.0;
				LD_RUNPATH_SEARCH_PATHS = (
					"$(inherited)",
					"@executable_path/Frameworks",
				);
				MARKETING_VERSION = 1.0;
				PRODUCT_BUNDLE_IDENTIFIER = AnthonyQin.WorldDex;
				PRODUCT_NAME = "$(TARGET_NAME)";
				SWIFT_EMIT_LOC_STRINGS = YES;
				SWIFT_VERSION = 5.0;
				TARGETED_DEVICE_FAMILY = "1,2";
			};
			name = Release;
		};
/* End XCBuildConfiguration section */

/* Begin XCConfigurationList section */
		BB0313B22AEC7DBA005D3715 /* Build configuration list for PBXProject "WorldDex" */ = {
			isa = XCConfigurationList;
			buildConfigurations = (
				BB0313C32AEC7DBC005D3715 /* Debug */,
				BB0313C42AEC7DBC005D3715 /* Release */,
			);
			defaultConfigurationIsVisible = 0;
			defaultConfigurationName = Release;
		};
		BB0313C52AEC7DBC005D3715 /* Build configuration list for PBXNativeTarget "WorldDex" */ = {
			isa = XCConfigurationList;
			buildConfigurations = (
				BB0313C62AEC7DBC005D3715 /* Debug */,
				BB0313C72AEC7DBC005D3715 /* Release */,
			);
			defaultConfigurationIsVisible = 0;
			defaultConfigurationName = Release;
		};
/* End XCConfigurationList section */

/* Begin XCRemoteSwiftPackageReference section */
		BB0313F32AECF6DF005D3715 /* XCRemoteSwiftPackageReference "SwiftyGif" */ = {
			isa = XCRemoteSwiftPackageReference;
			repositoryURL = "https://github.com/kirualex/SwiftyGif.git";
			requirement = {
				kind = upToNextMajorVersion;
				minimumVersion = 5.4.4;
			};
		};
/* End XCRemoteSwiftPackageReference section */

/* Begin XCSwiftPackageProductDependency section */
		BB0313F42AECF6DF005D3715 /* SwiftyGif */ = {
			isa = XCSwiftPackageProductDependency;
			package = BB0313F32AECF6DF005D3715 /* XCRemoteSwiftPackageReference "SwiftyGif" */;
			productName = SwiftyGif;
		};
/* End XCSwiftPackageProductDependency section */
	};
	rootObject = BB0313AF2AEC7DBA005D3715 /* Project object */;
}
